{
  "originHash" : "c780041c3c6a9c9e5277412a0b491717d01a9813b46c79b5fb9d839935d8d34b",
  "pins" : [
    {
      "identity" : "argon2swift",
      "kind" : "remoteSourceControl",
      "location" : "https://github.com/tmthecoder/Argon2Swift.git",
      "state" : {
        "branch" : "main",
        "revision" : "53543623fefe68461b7eeea03d7f96677c2fd76d"
      }
    },
    {
      "identity" : "phc-winner-argon2",
      "kind" : "remoteSourceControl",
      "location" : "https://github.com/P-H-C/phc-winner-argon2.git",
      "state" : {
        "branch" : "master",
        "revision" : "f57e61e19229e23c4445b85494dbf7c07de721cb"
      }
    },
    {
      "identity" : "purchases-ios",
      "kind" : "remoteSourceControl",
      "location" : "https://github.com/RevenueCat/purchases-ios.git",
      "state" : {
        "revision" : "6b95744e70f1edc43f89f2b522b0832ddfdd41a1",
        "version" : "5.73.0"
      }
    }
  ],
  "version" : 3
}
